
Microsoft Visual Studio Solution File, Format Version 12.00
# Visual Studio Version 17
VisualStudioVersion = 17.8.34330.188
MinimumVisualStudioVersion = 10.0.40219.1
Project("{FAE04EC0-301F-11D3-BF4B-00C04F79EFBC}") = "Test", "Test.csproj", "{66FF974C-5101-4677-929B-5EE6E7ED87BE}"
EndProject
Global
	GlobalSection(SolutionConfigurationPlatforms) = preSolution
		Debug|Any CPU = Debug|Any CPU
		Release|Any CPU = Release|Any CPU
	EndGlobalSection
	GlobalSection(ProjectConfigurationPlatforms) = postSolution
		{66FF974C-5101-4677-929B-5EE6E7ED87BE}.Debug|Any CPU.ActiveCfg = Debug|Any CPU
		{66FF974C-5101-4677-929B-5EE6E7ED87BE}.Debug|Any CPU.Build.0 = Debug|Any CPU
		{66FF974C-5101-4677-929B-5EE6E7ED87BE}.Release|Any CPU.ActiveCfg = Release|Any CPU
		{66FF974C-5101-4677-929B-5EE6E7ED87BE}.Release|Any CPU.Build.0 = Release|Any CPU
	EndGlobalSection
	GlobalSection(SolutionProperties) = preSolution
		HideSolutionNode = FALSE
	EndGlobalSection
	GlobalSection(ExtensibilityGlobals) = postSolution
		SolutionGuid = {92A0AE60-6C60-44F2-A23B-3253B13C4FF9}
	EndGlobalSection
EndGlobal
